
Microsoft Visual Studio Solution File, Format Version 11.00
# Visual Studio 2010
Project("{E24C65DC-7377-472B-9ABA-BC803B73C61A}") = "cycorideweb", "E:\bicycle\cycorideweb\cycorideweb\", "{1E203090-4E1D-4DB4-BA72-E64C89840B00}"
	ProjectSection(WebsiteProperties) = preProject
		TargetFrameworkMoniker = ".NETFramework,Version%3Dv4.0"
		Debug.AspNetCompiler.VirtualPath = "/cycorideweb"
		Debug.AspNetCompiler.PhysicalPath = "E:\bicycle\cycorideweb\cycorideweb\"
		Debug.AspNetCompiler.TargetPath = "PrecompiledWeb\cycorideweb\"
		Debug.AspNetCompiler.Updateable = "true"
		Debug.AspNetCompiler.ForceOverwrite = "true"
		Debug.AspNetCompiler.FixedNames = "false"
		Debug.AspNetCompiler.Debug = "True"
		Release.AspNetCompiler.VirtualPath = "/cycorideweb"
		Release.AspNetCompiler.PhysicalPath = "E:\bicycle\cycorideweb\cycorideweb\"
		Release.AspNetCompiler.TargetPath = "PrecompiledWeb\cycorideweb\"
		Release.AspNetCompiler.Updateable = "true"
		Release.AspNetCompiler.ForceOverwrite = "true"
		Release.AspNetCompiler.FixedNames = "false"
		Release.AspNetCompiler.Debug = "False"
		VWDPort = "19468"
	EndProjectSection
EndProject
Global
	GlobalSection(SolutionConfigurationPlatforms) = preSolution
		Debug|Any CPU = Debug|Any CPU
	EndGlobalSection
	GlobalSection(ProjectConfigurationPlatforms) = postSolution
		{1E203090-4E1D-4DB4-BA72-E64C89840B00}.Debug|Any CPU.ActiveCfg = Debug|Any CPU
		{1E203090-4E1D-4DB4-BA72-E64C89840B00}.Debug|Any CPU.Build.0 = Debug|Any CPU
	EndGlobalSection
	GlobalSection(SolutionProperties) = preSolution
		HideSolutionNode = FALSE
	EndGlobalSection
EndGlobal
